
Microsoft Visual Studio Solution File, Format Version 12.00
# Visual Studio Version 17
VisualStudioVersion = 17.7.34024.191
MinimumVisualStudioVersion = 10.0.40219.1
Project("{FAE04EC0-301F-11D3-BF4B-00C04F79EFBC}") = "ADONETNEDİR", "ADONETNEDİR\ADONETNEDİR.csproj", "{102D1FF6-57A2-4874-B868-F3D54D037284}"
EndProject
Global
	GlobalSection(SolutionConfigurationPlatforms) = preSolution
		Debug|Any CPU = Debug|Any CPU
		Release|Any CPU = Release|Any CPU
	EndGlobalSection
	GlobalSection(ProjectConfigurationPlatforms) = postSolution
		{102D1FF6-57A2-4874-B868-F3D54D037284}.Debug|Any CPU.ActiveCfg = Debug|Any CPU
		{102D1FF6-57A2-4874-B868-F3D54D037284}.Debug|Any CPU.Build.0 = Debug|Any CPU
		{102D1FF6-57A2-4874-B868-F3D54D037284}.Release|Any CPU.ActiveCfg = Release|Any CPU
		{102D1FF6-57A2-4874-B868-F3D54D037284}.Release|Any CPU.Build.0 = Release|Any CPU
	EndGlobalSection
	GlobalSection(SolutionProperties) = preSolution
		HideSolutionNode = FALSE
	EndGlobalSection
	GlobalSection(ExtensibilityGlobals) = postSolution
		SolutionGuid = {53E763F1-E23A-40F5-87E9-D874ACBC26EC}
	EndGlobalSection
EndGlobal
